
Microsoft Visual Studio Solution File, Format Version 12.00
# Visual Studio Version 16
VisualStudioVersion = 16.0.30611.23
MinimumVisualStudioVersion = 10.0.40219.1
Project("{FAE04EC0-301F-11D3-BF4B-00C04F79EFBC}") = "MoneyChangeProgram", "MoneyChangeProgram\MoneyChangeProgram.csproj", "{942504A4-05FE-4145-91AA-8AA04FDA0A33}"
EndProject
Global
	GlobalSection(SolutionConfigurationPlatforms) = preSolution
		Debug|Any CPU = Debug|Any CPU
		Release|Any CPU = Release|Any CPU
	EndGlobalSection
	GlobalSection(ProjectConfigurationPlatforms) = postSolution
		{942504A4-05FE-4145-91AA-8AA04FDA0A33}.Debug|Any CPU.ActiveCfg = Debug|Any CPU
		{942504A4-05FE-4145-91AA-8AA04FDA0A33}.Debug|Any CPU.Build.0 = Debug|Any CPU
		{942504A4-05FE-4145-91AA-8AA04FDA0A33}.Release|Any CPU.ActiveCfg = Release|Any CPU
		{942504A4-05FE-4145-91AA-8AA04FDA0A33}.Release|Any CPU.Build.0 = Release|Any CPU
	EndGlobalSection
	GlobalSection(SolutionProperties) = preSolution
		HideSolutionNode = FALSE
	EndGlobalSection
	GlobalSection(ExtensibilityGlobals) = postSolution
		SolutionGuid = {A64D4F6F-9144-4F6C-934F-B06033BDB605}
	EndGlobalSection
EndGlobal
